
Microsoft Visual Studio Solution File, Format Version 12.00
# Visual Studio Version 17
VisualStudioVersion = 17.5.002.0
MinimumVisualStudioVersion = 10.0.40219.1
Project("{9A19103F-16F7-4668-BE54-9A1E7A4F7556}") = "FestfullApi", "FestfullApi.csproj", "{C6D117C5-CA08-4401-96E6-A599051E9488}"
EndProject
Global
	GlobalSection(SolutionConfigurationPlatforms) = preSolution
		Debug|Any CPU = Debug|Any CPU
		Release|Any CPU = Release|Any CPU
	EndGlobalSection
	GlobalSection(ProjectConfigurationPlatforms) = postSolution
		{C6D117C5-CA08-4401-96E6-A599051E9488}.Debug|Any CPU.ActiveCfg = Debug|Any CPU
		{C6D117C5-CA08-4401-96E6-A599051E9488}.Debug|Any CPU.Build.0 = Debug|Any CPU
		{C6D117C5-CA08-4401-96E6-A599051E9488}.Release|Any CPU.ActiveCfg = Release|Any CPU
		{C6D117C5-CA08-4401-96E6-A599051E9488}.Release|Any CPU.Build.0 = Release|Any CPU
	EndGlobalSection
	GlobalSection(SolutionProperties) = preSolution
		HideSolutionNode = FALSE
	EndGlobalSection
	GlobalSection(ExtensibilityGlobals) = postSolution
		SolutionGuid = {290FB696-70AE-4002-BB35-06D07C376806}
	EndGlobalSection
EndGlobal
